
Microsoft Visual Studio Solution File, Format Version 12.00
# Visual Studio Version 16
VisualStudioVersion = 16.0.31229.75
MinimumVisualStudioVersion = 10.0.40219.1
Project("{9A19103F-16F7-4668-BE54-9A1E7A4F7556}") = "Aspire", "Aspire.csproj", "{61874C9D-B8B8-4532-B68A-2B2FF4E6B1B6}"
EndProject
Global
	GlobalSection(SolutionConfigurationPlatforms) = preSolution
		Debug|Any CPU = Debug|Any CPU
		Release|Any CPU = Release|Any CPU
	EndGlobalSection
	GlobalSection(ProjectConfigurationPlatforms) = postSolution
		{61874C9D-B8B8-4532-B68A-2B2FF4E6B1B6}.Debug|Any CPU.ActiveCfg = Debug|Any CPU
		{61874C9D-B8B8-4532-B68A-2B2FF4E6B1B6}.Debug|Any CPU.Build.0 = Debug|Any CPU
		{61874C9D-B8B8-4532-B68A-2B2FF4E6B1B6}.Release|Any CPU.ActiveCfg = Release|Any CPU
		{61874C9D-B8B8-4532-B68A-2B2FF4E6B1B6}.Release|Any CPU.Build.0 = Release|Any CPU
	EndGlobalSection
	GlobalSection(SolutionProperties) = preSolution
		HideSolutionNode = FALSE
	EndGlobalSection
	GlobalSection(ExtensibilityGlobals) = postSolution
		SolutionGuid = {D088FC0A-91DB-488F-BF3A-86CC3359A187}
	EndGlobalSection
EndGlobal
